
Microsoft Visual Studio Solution File, Format Version 12.00
# Visual Studio Version 16
VisualStudioVersion = 16.0.31129.286
MinimumVisualStudioVersion = 10.0.40219.1
Project("{FAE04EC0-301F-11D3-BF4B-00C04F79EFBC}") = "libaryApp", "libaryApp\libaryApp.csproj", "{AEC5F856-1754-4E6D-91B1-C1F6F49AAAF9}"
EndProject
Global
	GlobalSection(SolutionConfigurationPlatforms) = preSolution
		Debug|Any CPU = Debug|Any CPU
		Release|Any CPU = Release|Any CPU
	EndGlobalSection
	GlobalSection(ProjectConfigurationPlatforms) = postSolution
		{AEC5F856-1754-4E6D-91B1-C1F6F49AAAF9}.Debug|Any CPU.ActiveCfg = Debug|Any CPU
		{AEC5F856-1754-4E6D-91B1-C1F6F49AAAF9}.Debug|Any CPU.Build.0 = Debug|Any CPU
		{AEC5F856-1754-4E6D-91B1-C1F6F49AAAF9}.Release|Any CPU.ActiveCfg = Release|Any CPU
		{AEC5F856-1754-4E6D-91B1-C1F6F49AAAF9}.Release|Any CPU.Build.0 = Release|Any CPU
	EndGlobalSection
	GlobalSection(SolutionProperties) = preSolution
		HideSolutionNode = FALSE
	EndGlobalSection
	GlobalSection(ExtensibilityGlobals) = postSolution
		SolutionGuid = {670AA30A-C818-4EF4-B60D-0331B631BF93}
	EndGlobalSection
EndGlobal
